
Microsoft Visual Studio Solution File, Format Version 12.00
# Visual Studio Version 16
VisualStudioVersion = 25.0.1705.0
MinimumVisualStudioVersion = 10.0.40219.1
Project("{FAE04EC0-301F-11D3-BF4B-00C04F79EFBC}") = "CodeChallenge2023", "CodeChallenge2023\CodeChallenge2023.csproj", "{B8ACADA9-08D6-45B5-A9DF-6037AB7BB6BE}"
EndProject
Global
	GlobalSection(SolutionConfigurationPlatforms) = preSolution
		Debug|Any CPU = Debug|Any CPU
		Release|Any CPU = Release|Any CPU
	EndGlobalSection
	GlobalSection(ProjectConfigurationPlatforms) = postSolution
		{B8ACADA9-08D6-45B5-A9DF-6037AB7BB6BE}.Debug|Any CPU.ActiveCfg = Debug|Any CPU
		{B8ACADA9-08D6-45B5-A9DF-6037AB7BB6BE}.Debug|Any CPU.Build.0 = Debug|Any CPU
		{B8ACADA9-08D6-45B5-A9DF-6037AB7BB6BE}.Release|Any CPU.ActiveCfg = Release|Any CPU
		{B8ACADA9-08D6-45B5-A9DF-6037AB7BB6BE}.Release|Any CPU.Build.0 = Release|Any CPU
	EndGlobalSection
	GlobalSection(SolutionProperties) = preSolution
		HideSolutionNode = FALSE
	EndGlobalSection
	GlobalSection(ExtensibilityGlobals) = postSolution
		SolutionGuid = {60BA1277-C590-4E16-A2D5-4A5A8095C20E}
	EndGlobalSection
EndGlobal
